
Microsoft Visual Studio Solution File, Format Version 12.00
# Visual Studio 15
Project("{FAE04EC0-301F-11D3-BF4B-00C04F79EFBC}") = "Airline", "Airline\Airline.csproj", "{EC607C84-D5E1-4A65-B22A-22111518ED9D}"
EndProject
Global
	GlobalSection(SolutionConfigurationPlatforms) = preSolution
		Debug|anycpu = Debug|anycpu
		Release|anycpu = Release|anycpu
	EndGlobalSection
	GlobalSection(ProjectConfigurationPlatforms) = postSolution
		{EC607C84-D5E1-4A65-B22A-22111518ED9D}.Debug|anycpu.ActiveCfg = Debug|anycpu
		{EC607C84-D5E1-4A65-B22A-22111518ED9D}.Debug|anycpu.Build.0 = Debug|anycpu
		{EC607C84-D5E1-4A65-B22A-22111518ED9D}.Release|anycpu.ActiveCfg = Release|anycpu
		{EC607C84-D5E1-4A65-B22A-22111518ED9D}.Release|anycpu.Build.0 = Release|anycpu
	EndGlobalSection
EndGlobal
